
Microsoft Visual Studio Solution File, Format Version 12.00
# Visual Studio Version 16
VisualStudioVersion = 16.0.31205.134
MinimumVisualStudioVersion = 10.0.40219.1
Project("{8BC9CEB8-8B4A-11D0-8D11-00A0C91BC942}") = "tutorial-0", "tutorial-0\tutorial-0.vcxproj", "{EB366B3F-814A-4E26-BA9F-9C7FD4C75A7A}"
EndProject
Project("{8BC9CEB8-8B4A-11D0-8D11-00A0C91BC942}") = "tutorial-1", "tutorial-1\tutorial-1.vcxproj", "{A2DCBA47-CE73-46D9-8FEF-2CA205EFFBBA}"
EndProject
Project("{8BC9CEB8-8B4A-11D0-8D11-00A0C91BC942}") = "tutorial-2", "tutorial-2\tutorial-2.vcxproj", "{A50E7E5E-7B68-499E-B862-32A95945F6E0}"
EndProject
Project("{8BC9CEB8-8B4A-11D0-8D11-00A0C91BC942}") = "tutorial-3", "tutorial-3\tutorial-3.vcxproj", "{5DBCB097-05AB-46A6-8327-6144527CD4D5}"
EndProject
Project("{8BC9CEB8-8B4A-11D0-8D11-00A0C91BC942}") = "tutorial-4", "tutorial-4\tutorial-4.vcxproj", "{3F05127C-6267-4D10-8DAC-B4157EA0DE1C}"
EndProject
Project("{8BC9CEB8-8B4A-11D0-8D11-00A0C91BC942}") = "tutorial-5", "tutorial-5\tutorial-5.vcxproj", "{F8AF1734-733F-433D-8BC9-654D2A025064}"
EndProject
Project("{8BC9CEB8-8B4A-11D0-8D11-00A0C91BC942}") = "tutorial-6", "tutorial-6\tutorial-6.vcxproj", "{9551A287-E72C-47CF-A59B-08334F452383}"
EndProject
Project("{8BC9CEB8-8B4A-11D0-8D11-00A0C91BC942}") = "tutorial-6.1", "tutorial-6.1\tutorial-6.1.vcxproj", "{74E96AF1-D16A-43F6-8DA0-F98B33CC4D81}"
EndProject
Project("{8BC9CEB8-8B4A-11D0-8D11-00A0C91BC942}") = "tutorial-7(Assignment)", "tutorial-7(Assignment)\tutorial-7(Assignment).vcxproj", "{258DD8DF-DCAB-443A-A40A-D4A2A6D9B7C6}"
EndProject
Project("{8BC9CEB8-8B4A-11D0-8D11-00A0C91BC942}") = "tutorial-8(Assignment)", "tutorial-8(Assignment)\tutorial-8(Assignment).vcxproj", "{A7C61B1B-BF25-4D73-9484-4BA784909781}"
EndProject
Global
	GlobalSection(SolutionConfigurationPlatforms) = preSolution
		Debug|x64 = Debug|x64
		Debug|x86 = Debug|x86
		Release|x64 = Release|x64
		Release|x86 = Release|x86
	EndGlobalSection
	GlobalSection(ProjectConfigurationPlatforms) = postSolution
		{EB366B3F-814A-4E26-BA9F-9C7FD4C75A7A}.Debug|x64.ActiveCfg = Debug|x64
		{EB366B3F-814A-4E26-BA9F-9C7FD4C75A7A}.Debug|x64.Build.0 = Debug|x64
		{EB366B3F-814A-4E26-BA9F-9C7FD4C75A7A}.Debug|x86.ActiveCfg = Debug|Win32
		{EB366B3F-814A-4E26-BA9F-9C7FD4C75A7A}.Debug|x86.Build.0 = Debug|Win32
		{EB366B3F-814A-4E26-BA9F-9C7FD4C75A7A}.Release|x64.ActiveCfg = Debug|Win32
		{EB366B3F-814A-4E26-BA9F-9C7FD4C75A7A}.Release|x86.ActiveCfg = Release|Win32
		{EB366B3F-814A-4E26-BA9F-9C7FD4C75A7A}.Release|x86.Build.0 = Release|Win32
		{A2DCBA47-CE73-46D9-8FEF-2CA205EFFBBA}.Debug|x64.ActiveCfg = Debug|x64
		{A2DCBA47-CE73-46D9-8FEF-2CA205EFFBBA}.Debug|x64.Build.0 = Debug|x64
		{A2DCBA47-CE73-46D9-8FEF-2CA205EFFBBA}.Debug|x86.ActiveCfg = Debug|Win32
		{A2DCBA47-CE73-46D9-8FEF-2CA205EFFBBA}.Debug|x86.Build.0 = Debug|Win32
		{A2DCBA47-CE73-46D9-8FEF-2CA205EFFBBA}.Release|x64.ActiveCfg = Release|Win32
		{A2DCBA47-CE73-46D9-8FEF-2CA205EFFBBA}.Release|x86.ActiveCfg = Release|Win32
		{A2DCBA47-CE73-46D9-8FEF-2CA205EFFBBA}.Release|x86.Build.0 = Release|Win32
		{A50E7E5E-7B68-499E-B862-32A95945F6E0}.Debug|x64.ActiveCfg = Debug|x64
		{A50E7E5E-7B68-499E-B862-32A95945F6E0}.Debug|x64.Build.0 = Debug|x64
		{A50E7E5E-7B68-499E-B862-32A95945F6E0}.Debug|x86.ActiveCfg = Debug|Win32
		{A50E7E5E-7B68-499E-B862-32A95945F6E0}.Debug|x86.Build.0 = Debug|Win32
		{A50E7E5E-7B68-499E-B862-32A95945F6E0}.Release|x64.ActiveCfg = Release|Win32
		{A50E7E5E-7B68-499E-B862-32A95945F6E0}.Release|x86.ActiveCfg = Release|Win32
		{A50E7E5E-7B68-499E-B862-32A95945F6E0}.Release|x86.Build.0 = Release|Win32
		{5DBCB097-05AB-46A6-8327-6144527CD4D5}.Debug|x64.ActiveCfg = Debug|x64
		{5DBCB097-05AB-46A6-8327-6144527CD4D5}.Debug|x64.Build.0 = Debug|x64
		{5DBCB097-05AB-46A6-8327-6144527CD4D5}.Debug|x86.ActiveCfg = Debug|Win32
		{5DBCB097-05AB-46A6-8327-6144527CD4D5}.Debug|x86.Build.0 = Debug|Win32
		{5DBCB097-05AB-46A6-8327-6144527CD4D5}.Release|x64.ActiveCfg = Release|Win32
		{5DBCB097-05AB-46A6-8327-6144527CD4D5}.Release|x86.ActiveCfg = Release|Win32
		{5DBCB097-05AB-46A6-8327-6144527CD4D5}.Release|x86.Build.0 = Release|Win32
		{3F05127C-6267-4D10-8DAC-B4157EA0DE1C}.Debug|x64.ActiveCfg = Debug|Win32
		{3F05127C-6267-4D10-8DAC-B4157EA0DE1C}.Debug|x86.ActiveCfg = Debug|Win32
		{3F05127C-6267-4D10-8DAC-B4157EA0DE1C}.Debug|x86.Build.0 = Debug|Win32
		{3F05127C-6267-4D10-8DAC-B4157EA0DE1C}.Release|x64.ActiveCfg = Release|Win32
		{3F05127C-6267-4D10-8DAC-B4157EA0DE1C}.Release|x86.ActiveCfg = Release|Win32
		{3F05127C-6267-4D10-8DAC-B4157EA0DE1C}.Release|x86.Build.0 = Release|Win32
		{F8AF1734-733F-433D-8BC9-654D2A025064}.Debug|x64.ActiveCfg = Debug|Win32
		{F8AF1734-733F-433D-8BC9-654D2A025064}.Debug|x86.ActiveCfg = Debug|Win32
		{F8AF1734-733F-433D-8BC9-654D2A025064}.Debug|x86.Build.0 = Debug|Win32
		{F8AF1734-733F-433D-8BC9-654D2A025064}.Release|x64.ActiveCfg = Release|Win32
		{F8AF1734-733F-433D-8BC9-654D2A025064}.Release|x86.ActiveCfg = Release|Win32
		{F8AF1734-733F-433D-8BC9-654D2A025064}.Release|x86.Build.0 = Release|Win32
		{9551A287-E72C-47CF-A59B-08334F452383}.Debug|x64.ActiveCfg = Debug|Win32
		{9551A287-E72C-47CF-A59B-08334F452383}.Debug|x86.ActiveCfg = Debug|Win32
		{9551A287-E72C-47CF-A59B-08334F452383}.Debug|x86.Build.0 = Debug|Win32
		{9551A287-E72C-47CF-A59B-08334F452383}.Release|x64.ActiveCfg = Release|Win32
		{9551A287-E72C-47CF-A59B-08334F452383}.Release|x86.ActiveCfg = Release|Win32
		{9551A287-E72C-47CF-A59B-08334F452383}.Release|x86.Build.0 = Release|Win32
		{74E96AF1-D16A-43F6-8DA0-F98B33CC4D81}.Debug|x64.ActiveCfg = Debug|x64
		{74E96AF1-D16A-43F6-8DA0-F98B33CC4D81}.Debug|x64.Build.0 = Debug|x64
		{74E96AF1-D16A-43F6-8DA0-F98B33CC4D81}.Debug|x86.ActiveCfg = Debug|Win32
		{74E96AF1-D16A-43F6-8DA0-F98B33CC4D81}.Debug|x86.Build.0 = Debug|Win32
		{74E96AF1-D16A-43F6-8DA0-F98B33CC4D81}.Release|x64.ActiveCfg = Release|Win32
		{74E96AF1-D16A-43F6-8DA0-F98B33CC4D81}.Release|x86.ActiveCfg = Release|Win32
		{74E96AF1-D16A-43F6-8DA0-F98B33CC4D81}.Release|x86.Build.0 = Release|Win32
		{258DD8DF-DCAB-443A-A40A-D4A2A6D9B7C6}.Debug|x64.ActiveCfg = Debug|Win32
		{258DD8DF-DCAB-443A-A40A-D4A2A6D9B7C6}.Debug|x86.ActiveCfg = Debug|Win32
		{258DD8DF-DCAB-443A-A40A-D4A2A6D9B7C6}.Debug|x86.Build.0 = Debug|Win32
		{258DD8DF-DCAB-443A-A40A-D4A2A6D9B7C6}.Release|x64.ActiveCfg = Release|Win32
		{258DD8DF-DCAB-443A-A40A-D4A2A6D9B7C6}.Release|x86.ActiveCfg = Release|Win32
		{258DD8DF-DCAB-443A-A40A-D4A2A6D9B7C6}.Release|x86.Build.0 = Release|Win32
		{A7C61B1B-BF25-4D73-9484-4BA784909781}.Debug|x64.ActiveCfg = Debug|Win32
		{A7C61B1B-BF25-4D73-9484-4BA784909781}.Debug|x86.ActiveCfg = Debug|Win32
		{A7C61B1B-BF25-4D73-9484-4BA784909781}.Debug|x86.Build.0 = Debug|Win32
		{A7C61B1B-BF25-4D73-9484-4BA784909781}.Release|x64.ActiveCfg = Release|Win32
		{A7C61B1B-BF25-4D73-9484-4BA784909781}.Release|x64.Build.0 = Release|Win32
		{A7C61B1B-BF25-4D73-9484-4BA784909781}.Release|x86.ActiveCfg = Release|Win32
		{A7C61B1B-BF25-4D73-9484-4BA784909781}.Release|x86.Build.0 = Release|Win32
	EndGlobalSection
	GlobalSection(SolutionProperties) = preSolution
		HideSolutionNode = FALSE
	EndGlobalSection
	GlobalSection(ExtensibilityGlobals) = postSolution
		SolutionGuid = {999870BF-1F2C-4DCA-BA96-45CB2AFE4665}
	EndGlobalSection
EndGlobal
